{
  "name": "Vislet",
  "version": "0.0.1",
  "dependencies": {
    "backbone": {
      "version": "1.1.2",
      "from": "backbone@1.1.2",
      "resolved": "https://registry.npmjs.org/backbone/-/backbone-1.1.2.tgz",
      "dependencies": {
        "underscore": {
          "version": "1.8.2",
          "from": "underscore@>=1.5.0",
          "resolved": "https://registry.npmjs.org/underscore/-/underscore-1.8.2.tgz"
        }
      }
    },
    "bucket-assets": {
      "version": "0.2.5",
      "from": "bucket-assets@0.2.5",
      "resolved": "https://registry.npmjs.org/bucket-assets/-/bucket-assets-0.2.5.tgz",
      "dependencies": {
        "knox": {
          "version": "0.9.2",
          "from": "knox@*",
          "resolved": "https://registry.npmjs.org/knox/-/knox-0.9.2.tgz",
          "dependencies": {
            "xml2js": {
              "version": "0.4.6",
              "from": "xml2js@>=0.4.4 <0.5.0",
              "resolved": "https://registry.npmjs.org/xml2js/-/xml2js-0.4.6.tgz",
              "dependencies": {
                "sax": {
                  "version": "0.6.1",
                  "from": "sax@>=0.6.0 <0.7.0",
                  "resolved": "https://registry.npmjs.org/sax/-/sax-0.6.1.tgz"
                },
                "xmlbuilder": {
                  "version": "2.6.2",
                  "from": "xmlbuilder@>=2.4.6",
                  "resolved": "https://registry.npmjs.org/xmlbuilder/-/xmlbuilder-2.6.2.tgz",
                  "dependencies": {
                    "lodash": {
                      "version": "3.5.0",
                      "from": "lodash@>=3.5.0 <3.6.0",
                      "resolved": "https://registry.npmjs.org/lodash/-/lodash-3.5.0.tgz"
                    }
                  }
                }
              }
            },
            "debug": {
              "version": "1.0.4",
              "from": "debug@>=1.0.2 <2.0.0",
              "resolved": "https://registry.npmjs.org/debug/-/debug-1.0.4.tgz",
              "dependencies": {
                "ms": {
                  "version": "0.6.2",
                  "from": "ms@0.6.2",
                  "resolved": "https://registry.npmjs.org/ms/-/ms-0.6.2.tgz"
                }
              }
            },
            "stream-counter": {
              "version": "1.0.0",
              "from": "stream-counter@>=1.0.0 <2.0.0",
              "resolved": "https://registry.npmjs.org/stream-counter/-/stream-counter-1.0.0.tgz"
            },
            "once": {
              "version": "1.3.1",
              "from": "once@>=1.3.0 <2.0.0",
              "resolved": "https://registry.npmjs.org/once/-/once-1.3.1.tgz",
              "dependencies": {
                "wrappy": {
                  "version": "1.0.1",
                  "from": "wrappy@>=1.0.0 <2.0.0",
                  "resolved": "https://registry.npmjs.org/wrappy/-/wrappy-1.0.1.tgz"
                }
              }
            }
          }
        },
        "glob": {
          "version": "5.0.3",
          "from": "glob@*",
          "resolved": "https://registry.npmjs.org/glob/-/glob-5.0.3.tgz",
          "dependencies": {
            "inflight": {
              "version": "1.0.4",
              "from": "inflight@>=1.0.4 <2.0.0",
              "resolved": "https://registry.npmjs.org/inflight/-/inflight-1.0.4.tgz",
              "dependencies": {
                "wrappy": {
                  "version": "1.0.1",
                  "from": "wrappy@>=1.0.0 <2.0.0",
                  "resolved": "https://registry.npmjs.org/wrappy/-/wrappy-1.0.1.tgz"
                }
              }
            },
            "inherits": {
              "version": "2.0.1",
              "from": "inherits@>=2.0.0 <3.0.0",
              "resolved": "https://registry.npmjs.org/inherits/-/inherits-2.0.1.tgz"
            },
            "minimatch": {
              "version": "2.0.4",
              "from": "minimatch@>=2.0.1 <3.0.0",
              "resolved": "https://registry.npmjs.org/minimatch/-/minimatch-2.0.4.tgz",
              "dependencies": {
                "brace-expansion": {
                  "version": "1.1.0",
                  "from": "brace-expansion@>=1.0.0 <2.0.0",
                  "resolved": "https://registry.npmjs.org/brace-expansion/-/brace-expansion-1.1.0.tgz",
                  "dependencies": {
                    "balanced-match": {
                      "version": "0.2.0",
                      "from": "balanced-match@>=0.2.0 <0.3.0",
                      "resolved": "https://registry.npmjs.org/balanced-match/-/balanced-match-0.2.0.tgz"
                    },
                    "concat-map": {
                      "version": "0.0.1",
                      "from": "concat-map@0.0.1",
                      "resolved": "https://registry.npmjs.org/concat-map/-/concat-map-0.0.1.tgz"
                    }
                  }
                }
              }
            },
            "once": {
              "version": "1.3.1",
              "from": "once@>=1.3.0 <2.0.0",
              "resolved": "https://registry.npmjs.org/once/-/once-1.3.1.tgz",
              "dependencies": {
                "wrappy": {
                  "version": "1.0.1",
                  "from": "wrappy@>=1.0.0 <2.0.0",
                  "resolved": "https://registry.npmjs.org/wrappy/-/wrappy-1.0.1.tgz"
                }
              }
            }
          }
        },
        "underscore": {
          "version": "1.8.2",
          "from": "underscore@*",
          "resolved": "https://registry.npmjs.org/underscore/-/underscore-1.8.2.tgz"
        },
        "commander": {
          "version": "2.7.1",
          "from": "commander@*",
          "resolved": "https://registry.npmjs.org/commander/-/commander-2.7.1.tgz",
          "dependencies": {
            "graceful-readlink": {
              "version": "1.0.1",
              "from": "graceful-readlink@>=1.0.0",
              "resolved": "https://registry.npmjs.org/graceful-readlink/-/graceful-readlink-1.0.1.tgz"
            }
          }
        },
        "mime": {
          "version": "1.3.4",
          "from": "mime@*",
          "resolved": "https://registry.npmjs.org/mime/-/mime-1.3.4.tgz"
        },
        "superagent": {
          "version": "1.1.0",
          "from": "superagent@*",
          "resolved": "https://registry.npmjs.org/superagent/-/superagent-1.1.0.tgz",
          "dependencies": {
            "qs": {
              "version": "2.3.3",
              "from": "qs@2.3.3",
              "resolved": "https://registry.npmjs.org/qs/-/qs-2.3.3.tgz"
            },
            "formidable": {
              "version": "1.0.14",
              "from": "formidable@1.0.14",
              "resolved": "https://registry.npmjs.org/formidable/-/formidable-1.0.14.tgz"
            },
            "mime": {
              "version": "1.2.11",
              "from": "mime@1.2.11",
              "resolved": "https://registry.npmjs.org/mime/-/mime-1.2.11.tgz"
            },
            "component-emitter": {
              "version": "1.1.2",
              "from": "component-emitter@1.1.2",
              "resolved": "http://registry.npmjs.org/component-emitter/-/component-emitter-1.1.2.tgz"
            },
            "methods": {
              "version": "1.0.1",
              "from": "methods@1.0.1",
              "resolved": "https://registry.npmjs.org/methods/-/methods-1.0.1.tgz"
            },
            "cookiejar": {
              "version": "2.0.1",
              "from": "cookiejar@2.0.1",
              "resolved": "http://registry.npmjs.org/cookiejar/-/cookiejar-2.0.1.tgz"
            },
            "debug": {
              "version": "2.1.3",
              "from": "debug@>=2.0.0 <3.0.0",
              "resolved": "https://registry.npmjs.org/debug/-/debug-2.1.3.tgz",
              "dependencies": {
                "ms": {
                  "version": "0.7.0",
                  "from": "ms@0.7.0",
                  "resolved": "https://registry.npmjs.org/ms/-/ms-0.7.0.tgz"
                }
              }
            },
            "reduce-component": {
              "version": "1.0.1",
              "from": "reduce-component@1.0.1",
              "resolved": "http://registry.npmjs.org/reduce-component/-/reduce-component-1.0.1.tgz"
            },
            "extend": {
              "version": "1.2.1",
              "from": "extend@1.2.1",
              "resolved": "https://registry.npmjs.org/extend/-/extend-1.2.1.tgz"
            },
            "form-data": {
              "version": "0.1.3",
              "from": "form-data@0.1.3",
              "resolved": "https://registry.npmjs.org/form-data/-/form-data-0.1.3.tgz",
              "dependencies": {
                "combined-stream": {
                  "version": "0.0.7",
                  "from": "combined-stream@>=0.0.4 <0.1.0",
                  "resolved": "https://registry.npmjs.org/combined-stream/-/combined-stream-0.0.7.tgz",
                  "dependencies": {
                    "delayed-stream": {
                      "version": "0.0.5",
                      "from": "delayed-stream@0.0.5",
                      "resolved": "https://registry.npmjs.org/delayed-stream/-/delayed-stream-0.0.5.tgz"
                    }
                  }
                },
                "async": {
                  "version": "0.9.0",
                  "from": "async@>=0.9.0 <0.10.0",
                  "resolved": "https://registry.npmjs.org/async/-/async-0.9.0.tgz"
                }
              }
            },
            "readable-stream": {
              "version": "1.0.27-1",
              "from": "readable-stream@1.0.27-1",
              "resolved": "http://registry.npmjs.org/readable-stream/-/readable-stream-1.0.27-1.tgz",
              "dependencies": {
                "core-util-is": {
                  "version": "1.0.1",
                  "from": "core-util-is@>=1.0.0 <1.1.0",
                  "resolved": "https://registry.npmjs.org/core-util-is/-/core-util-is-1.0.1.tgz"
                },
                "isarray": {
                  "version": "0.0.1",
                  "from": "isarray@0.0.1",
                  "resolved": "https://registry.npmjs.org/isarray/-/isarray-0.0.1.tgz"
                },
                "string_decoder": {
                  "version": "0.10.31",
                  "from": "string_decoder@>=0.10.0 <0.11.0",
                  "resolved": "https://registry.npmjs.org/string_decoder/-/string_decoder-0.10.31.tgz"
                },
                "inherits": {
                  "version": "2.0.1",
                  "from": "inherits@>=2.0.1 <2.1.0",
                  "resolved": "https://registry.npmjs.org/inherits/-/inherits-2.0.1.tgz"
                }
              }
            }
          }
        }
      }
    },
    "coffee-script": {
      "version": "1.9.1",
      "from": "coffee-script@1.9.1",
      "resolved": "https://registry.npmjs.org/coffee-script/-/coffee-script-1.9.1.tgz"
    },
    "express": {
      "version": "5.0.0-alpha.1",
      "from": "express@5.0.0-alpha.1",
      "resolved": "https://registry.npmjs.org/express/-/express-5.0.0-alpha.1.tgz",
      "dependencies": {
        "accepts": {
          "version": "1.1.4",
          "from": "accepts@>=1.1.2 <1.2.0",
          "resolved": "https://registry.npmjs.org/accepts/-/accepts-1.1.4.tgz",
          "dependencies": {
            "mime-types": {
              "version": "2.0.10",
              "from": "mime-types@>=2.0.9 <2.1.0",
              "resolved": "https://registry.npmjs.org/mime-types/-/mime-types-2.0.10.tgz",
              "dependencies": {
                "mime-db": {
                  "version": "1.8.0",
                  "from": "mime-db@>=1.8.0 <1.9.0",
                  "resolved": "https://registry.npmjs.org/mime-db/-/mime-db-1.8.0.tgz"
                }
              }
            },
            "negotiator": {
              "version": "0.4.9",
              "from": "negotiator@0.4.9",
              "resolved": "https://registry.npmjs.org/negotiator/-/negotiator-0.4.9.tgz"
            }
          }
        },
        "content-disposition": {
          "version": "0.5.0",
          "from": "content-disposition@0.5.0",
          "resolved": "https://registry.npmjs.org/content-disposition/-/content-disposition-0.5.0.tgz"
        },
        "cookie-signature": {
          "version": "1.0.5",
          "from": "cookie-signature@1.0.5",
          "resolved": "https://registry.npmjs.org/cookie-signature/-/cookie-signature-1.0.5.tgz"
        },
        "debug": {
          "version": "2.1.3",
          "from": "debug@>=2.1.0 <2.2.0",
          "resolved": "https://registry.npmjs.org/debug/-/debug-2.1.3.tgz",
          "dependencies": {
            "ms": {
              "version": "0.7.0",
              "from": "ms@0.7.0",
              "resolved": "https://registry.npmjs.org/ms/-/ms-0.7.0.tgz"
            }
          }
        },
        "depd": {
          "version": "1.0.0",
          "from": "depd@>=1.0.0 <1.1.0",
          "resolved": "https://registry.npmjs.org/depd/-/depd-1.0.0.tgz"
        },
        "escape-html": {
          "version": "1.0.1",
          "from": "escape-html@1.0.1",
          "resolved": "https://registry.npmjs.org/escape-html/-/escape-html-1.0.1.tgz"
        },
        "etag": {
          "version": "1.5.1",
          "from": "etag@>=1.5.0 <1.6.0",
          "resolved": "https://registry.npmjs.org/etag/-/etag-1.5.1.tgz",
          "dependencies": {
            "crc": {
              "version": "3.2.1",
              "from": "crc@3.2.1",
              "resolved": "https://registry.npmjs.org/crc/-/crc-3.2.1.tgz"
            }
          }
        },
        "finalhandler": {
          "version": "0.3.2",
          "from": "finalhandler@0.3.2",
          "resolved": "https://registry.npmjs.org/finalhandler/-/finalhandler-0.3.2.tgz"
        },
        "fresh": {
          "version": "0.2.4",
          "from": "fresh@0.2.4",
          "resolved": "https://registry.npmjs.org/fresh/-/fresh-0.2.4.tgz"
        },
        "media-typer": {
          "version": "0.3.0",
          "from": "media-typer@0.3.0",
          "resolved": "https://registry.npmjs.org/media-typer/-/media-typer-0.3.0.tgz"
        },
        "methods": {
          "version": "1.1.0",
          "from": "methods@1.1.0",
          "resolved": "https://registry.npmjs.org/methods/-/methods-1.1.0.tgz"
        },
        "on-finished": {
          "version": "2.1.1",
          "from": "on-finished@>=2.1.1 <2.2.0",
          "resolved": "https://registry.npmjs.org/on-finished/-/on-finished-2.1.1.tgz",
          "dependencies": {
            "ee-first": {
              "version": "1.1.0",
              "from": "ee-first@1.1.0",
              "resolved": "https://registry.npmjs.org/ee-first/-/ee-first-1.1.0.tgz"
            }
          }
        },
        "parseurl": {
          "version": "1.3.0",
          "from": "parseurl@>=1.3.0 <1.4.0",
          "resolved": "https://registry.npmjs.org/parseurl/-/parseurl-1.3.0.tgz"
        },
        "path-to-regexp": {
          "version": "0.1.3",
          "from": "path-to-regexp@0.1.3",
          "resolved": "https://registry.npmjs.org/path-to-regexp/-/path-to-regexp-0.1.3.tgz"
        },
        "proxy-addr": {
          "version": "1.0.7",
          "from": "proxy-addr@>=1.0.3 <1.1.0",
          "resolved": "https://registry.npmjs.org/proxy-addr/-/proxy-addr-1.0.7.tgz",
          "dependencies": {
            "forwarded": {
              "version": "0.1.0",
              "from": "forwarded@>=0.1.0 <0.2.0",
              "resolved": "https://registry.npmjs.org/forwarded/-/forwarded-0.1.0.tgz"
            },
            "ipaddr.js": {
              "version": "0.1.9",
              "from": "ipaddr.js@0.1.9",
              "resolved": "https://registry.npmjs.org/ipaddr.js/-/ipaddr.js-0.1.9.tgz"
            }
          }
        },
        "qs": {
          "version": "2.3.2",
          "from": "qs@2.3.2",
          "resolved": "https://registry.npmjs.org/qs/-/qs-2.3.2.tgz"
        },
        "range-parser": {
          "version": "1.0.2",
          "from": "range-parser@>=1.0.2 <1.1.0",
          "resolved": "https://registry.npmjs.org/range-parser/-/range-parser-1.0.2.tgz"
        },
        "send": {
          "version": "0.10.1",
          "from": "send@0.10.1",
          "resolved": "https://registry.npmjs.org/send/-/send-0.10.1.tgz",
          "dependencies": {
            "destroy": {
              "version": "1.0.3",
              "from": "destroy@1.0.3",
              "resolved": "https://registry.npmjs.org/destroy/-/destroy-1.0.3.tgz"
            },
            "mime": {
              "version": "1.2.11",
              "from": "mime@1.2.11",
              "resolved": "https://registry.npmjs.org/mime/-/mime-1.2.11.tgz"
            },
            "ms": {
              "version": "0.6.2",
              "from": "ms@0.6.2",
              "resolved": "https://registry.npmjs.org/ms/-/ms-0.6.2.tgz"
            }
          }
        },
        "serve-static": {
          "version": "1.7.2",
          "from": "serve-static@>=1.7.1 <1.8.0",
          "resolved": "https://registry.npmjs.org/serve-static/-/serve-static-1.7.2.tgz"
        },
        "type-is": {
          "version": "1.5.7",
          "from": "type-is@>=1.5.2 <1.6.0",
          "resolved": "https://registry.npmjs.org/type-is/-/type-is-1.5.7.tgz",
          "dependencies": {
            "mime-types": {
              "version": "2.0.10",
              "from": "mime-types@>=2.0.9 <2.1.0",
              "resolved": "https://registry.npmjs.org/mime-types/-/mime-types-2.0.10.tgz",
              "dependencies": {
                "mime-db": {
                  "version": "1.8.0",
                  "from": "mime-db@>=1.8.0 <1.9.0",
                  "resolved": "https://registry.npmjs.org/mime-db/-/mime-db-1.8.0.tgz"
                }
              }
            }
          }
        },
        "vary": {
          "version": "1.0.0",
          "from": "vary@>=1.0.0 <1.1.0",
          "resolved": "https://registry.npmjs.org/vary/-/vary-1.0.0.tgz"
        },
        "cookie": {
          "version": "0.1.2",
          "from": "cookie@0.1.2",
          "resolved": "https://registry.npmjs.org/cookie/-/cookie-0.1.2.tgz"
        },
        "merge-descriptors": {
          "version": "0.0.2",
          "from": "merge-descriptors@0.0.2",
          "resolved": "https://registry.npmjs.org/merge-descriptors/-/merge-descriptors-0.0.2.tgz"
        },
        "utils-merge": {
          "version": "1.0.0",
          "from": "utils-merge@1.0.0",
          "resolved": "https://registry.npmjs.org/utils-merge/-/utils-merge-1.0.0.tgz"
        }
      }
    },
    "jade": {
      "version": "1.9.2",
      "from": "jade@1.9.2",
      "resolved": "https://registry.npmjs.org/jade/-/jade-1.9.2.tgz",
      "dependencies": {
        "character-parser": {
          "version": "1.2.1",
          "from": "character-parser@1.2.1",
          "resolved": "https://registry.npmjs.org/character-parser/-/character-parser-1.2.1.tgz"
        },
        "commander": {
          "version": "2.6.0",
          "from": "commander@>=2.6.0 <2.7.0",
          "resolved": "https://registry.npmjs.org/commander/-/commander-2.6.0.tgz"
        },
        "constantinople": {
          "version": "3.0.1",
          "from": "constantinople@>=3.0.1 <3.1.0",
          "resolved": "https://registry.npmjs.org/constantinople/-/constantinople-3.0.1.tgz",
          "dependencies": {
            "acorn-globals": {
              "version": "1.0.2",
              "from": "acorn-globals@>=1.0.1 <2.0.0",
              "resolved": "https://registry.npmjs.org/acorn-globals/-/acorn-globals-1.0.2.tgz",
              "dependencies": {
                "acorn": {
                  "version": "0.11.0",
                  "from": "acorn@>=0.11.0 <0.12.0",
                  "resolved": "https://registry.npmjs.org/acorn/-/acorn-0.11.0.tgz"
                }
              }
            }
          }
        },
        "mkdirp": {
          "version": "0.5.0",
          "from": "mkdirp@0.5.0",
          "resolved": "https://registry.npmjs.org/mkdirp/-/mkdirp-0.5.0.tgz",
          "dependencies": {
            "minimist": {
              "version": "0.0.8",
              "from": "minimist@0.0.8",
              "resolved": "https://registry.npmjs.org/minimist/-/minimist-0.0.8.tgz"
            }
          }
        },
        "transformers": {
          "version": "2.1.0",
          "from": "transformers@2.1.0",
          "resolved": "https://registry.npmjs.org/transformers/-/transformers-2.1.0.tgz",
          "dependencies": {
            "promise": {
              "version": "2.0.0",
              "from": "promise@>=2.0.0 <2.1.0",
              "resolved": "https://registry.npmjs.org/promise/-/promise-2.0.0.tgz",
              "dependencies": {
                "is-promise": {
                  "version": "1.0.1",
                  "from": "is-promise@>=1.0.0 <2.0.0",
                  "resolved": "https://registry.npmjs.org/is-promise/-/is-promise-1.0.1.tgz"
                }
              }
            },
            "css": {
              "version": "1.0.8",
              "from": "css@>=1.0.8 <1.1.0",
              "resolved": "https://registry.npmjs.org/css/-/css-1.0.8.tgz",
              "dependencies": {
                "css-parse": {
                  "version": "1.0.4",
                  "from": "css-parse@1.0.4",
                  "resolved": "https://registry.npmjs.org/css-parse/-/css-parse-1.0.4.tgz"
                },
                "css-stringify": {
                  "version": "1.0.5",
                  "from": "css-stringify@1.0.5",
                  "resolved": "https://registry.npmjs.org/css-stringify/-/css-stringify-1.0.5.tgz"
                }
              }
            },
            "uglify-js": {
              "version": "2.2.5",
              "from": "uglify-js@>=2.2.5 <2.3.0",
              "resolved": "http://registry.npmjs.org/uglify-js/-/uglify-js-2.2.5.tgz",
              "dependencies": {
                "source-map": {
                  "version": "0.1.43",
                  "from": "source-map@>=0.1.40 <0.2.0",
                  "resolved": "https://registry.npmjs.org/source-map/-/source-map-0.1.43.tgz",
                  "dependencies": {
                    "amdefine": {
                      "version": "0.1.0",
                      "from": "amdefine@>=0.0.4",
                      "resolved": "https://registry.npmjs.org/amdefine/-/amdefine-0.1.0.tgz"
                    }
                  }
                },
                "optimist": {
                  "version": "0.3.7",
                  "from": "optimist@>=0.3.5 <0.4.0",
                  "resolved": "http://registry.npmjs.org/optimist/-/optimist-0.3.7.tgz",
                  "dependencies": {
                    "wordwrap": {
                      "version": "0.0.2",
                      "from": "wordwrap@>=0.0.2 <0.1.0",
                      "resolved": "https://registry.npmjs.org/wordwrap/-/wordwrap-0.0.2.tgz"
                    }
                  }
                }
              }
            }
          }
        },
        "void-elements": {
          "version": "2.0.1",
          "from": "void-elements@>=2.0.1 <2.1.0",
          "resolved": "https://registry.npmjs.org/void-elements/-/void-elements-2.0.1.tgz"
        },
        "with": {
          "version": "4.0.1",
          "from": "with@>=4.0.0 <4.1.0",
          "resolved": "https://registry.npmjs.org/with/-/with-4.0.1.tgz",
          "dependencies": {
            "acorn": {
              "version": "0.11.0",
              "from": "acorn@>=0.11.0 <0.12.0",
              "resolved": "https://registry.npmjs.org/acorn/-/acorn-0.11.0.tgz"
            },
            "acorn-globals": {
              "version": "1.0.2",
              "from": "acorn-globals@>=1.0.1 <2.0.0",
              "resolved": "https://registry.npmjs.org/acorn-globals/-/acorn-globals-1.0.2.tgz"
            }
          }
        }
      }
    },
    "lodash-node": {
      "version": "3.6.0",
      "from": "lodash-node@3.6.0",
      "resolved": "https://registry.npmjs.org/lodash-node/-/lodash-node-3.6.0.tgz"
    },
    "marked": {
      "version": "0.3.3",
      "from": "marked@0.3.3",
      "resolved": "https://registry.npmjs.org/marked/-/marked-0.3.3.tgz"
    },
    "moment": {
      "version": "2.9.0",
      "from": "moment@2.9.0",
      "resolved": "https://registry.npmjs.org/moment/-/moment-2.9.0.tgz"
    },
    "node-env-file": {
      "version": "0.1.7",
      "from": "node-env-file@0.1.7",
      "resolved": "https://registry.npmjs.org/node-env-file/-/node-env-file-0.1.7.tgz",
      "dependencies": {
        "chai": {
          "version": "2.2.0",
          "from": "chai@latest",
          "resolved": "https://registry.npmjs.org/chai/-/chai-2.2.0.tgz",
          "dependencies": {
            "assertion-error": {
              "version": "1.0.0",
              "from": "assertion-error@1.0.0",
              "resolved": "https://registry.npmjs.org/assertion-error/-/assertion-error-1.0.0.tgz"
            },
            "deep-eql": {
              "version": "0.1.3",
              "from": "deep-eql@0.1.3",
              "resolved": "https://registry.npmjs.org/deep-eql/-/deep-eql-0.1.3.tgz",
              "dependencies": {
                "type-detect": {
                  "version": "0.1.1",
                  "from": "type-detect@0.1.1",
                  "resolved": "https://registry.npmjs.org/type-detect/-/type-detect-0.1.1.tgz"
                }
              }
            }
          }
        },
        "glob": {
          "version": "4.5.3",
          "from": "glob@>=4.3.5 <5.0.0",
          "resolved": "https://registry.npmjs.org/glob/-/glob-4.5.3.tgz",
          "dependencies": {
            "inflight": {
              "version": "1.0.4",
              "from": "inflight@>=1.0.4 <2.0.0",
              "resolved": "https://registry.npmjs.org/inflight/-/inflight-1.0.4.tgz",
              "dependencies": {
                "wrappy": {
                  "version": "1.0.1",
                  "from": "wrappy@>=1.0.0 <2.0.0",
                  "resolved": "https://registry.npmjs.org/wrappy/-/wrappy-1.0.1.tgz"
                }
              }
            },
            "inherits": {
              "version": "2.0.1",
              "from": "inherits@>=2.0.0 <3.0.0",
              "resolved": "https://registry.npmjs.org/inherits/-/inherits-2.0.1.tgz"
            },
            "minimatch": {
              "version": "2.0.4",
              "from": "minimatch@>=2.0.1 <3.0.0",
              "resolved": "https://registry.npmjs.org/minimatch/-/minimatch-2.0.4.tgz",
              "dependencies": {
                "brace-expansion": {
                  "version": "1.1.0",
                  "from": "brace-expansion@>=1.0.0 <2.0.0",
                  "resolved": "https://registry.npmjs.org/brace-expansion/-/brace-expansion-1.1.0.tgz",
                  "dependencies": {
                    "balanced-match": {
                      "version": "0.2.0",
                      "from": "balanced-match@>=0.2.0 <0.3.0",
                      "resolved": "https://registry.npmjs.org/balanced-match/-/balanced-match-0.2.0.tgz"
                    },
                    "concat-map": {
                      "version": "0.0.1",
                      "from": "concat-map@0.0.1",
                      "resolved": "https://registry.npmjs.org/concat-map/-/concat-map-0.0.1.tgz"
                    }
                  }
                }
              }
            },
            "once": {
              "version": "1.3.1",
              "from": "once@>=1.3.0 <2.0.0",
              "resolved": "https://registry.npmjs.org/once/-/once-1.3.1.tgz",
              "dependencies": {
                "wrappy": {
                  "version": "1.0.1",
                  "from": "wrappy@>=1.0.0 <2.0.0",
                  "resolved": "https://registry.npmjs.org/wrappy/-/wrappy-1.0.1.tgz"
                }
              }
            }
          }
        },
        "temp": {
          "version": "0.8.1",
          "from": "temp@>=0.8.1 <0.9.0",
          "resolved": "https://registry.npmjs.org/temp/-/temp-0.8.1.tgz",
          "dependencies": {
            "rimraf": {
              "version": "2.2.8",
              "from": "rimraf@>=2.2.6 <2.3.0"
            }
          }
        }
      }
    },
    "sharify": {
      "version": "0.1.6",
      "from": "sharify@0.1.6",
      "resolved": "https://registry.npmjs.org/sharify/-/sharify-0.1.6.tgz"
    },
    "superagent": {
      "version": "1.1.0",
      "from": "superagent@1.1.0",
      "resolved": "https://registry.npmjs.org/superagent/-/superagent-1.1.0.tgz",
      "dependencies": {
        "qs": {
          "version": "2.3.3",
          "from": "qs@2.3.3",
          "resolved": "https://registry.npmjs.org/qs/-/qs-2.3.3.tgz"
        },
        "formidable": {
          "version": "1.0.14",
          "from": "formidable@1.0.14",
          "resolved": "https://registry.npmjs.org/formidable/-/formidable-1.0.14.tgz"
        },
        "mime": {
          "version": "1.2.11",
          "from": "mime@1.2.11",
          "resolved": "https://registry.npmjs.org/mime/-/mime-1.2.11.tgz"
        },
        "component-emitter": {
          "version": "1.1.2",
          "from": "component-emitter@1.1.2",
          "resolved": "http://registry.npmjs.org/component-emitter/-/component-emitter-1.1.2.tgz"
        },
        "methods": {
          "version": "1.0.1",
          "from": "methods@1.0.1",
          "resolved": "https://registry.npmjs.org/methods/-/methods-1.0.1.tgz"
        },
        "cookiejar": {
          "version": "2.0.1",
          "from": "cookiejar@2.0.1",
          "resolved": "http://registry.npmjs.org/cookiejar/-/cookiejar-2.0.1.tgz"
        },
        "debug": {
          "version": "2.1.3",
          "from": "debug@>=2.0.0 <3.0.0",
          "resolved": "https://registry.npmjs.org/debug/-/debug-2.1.3.tgz",
          "dependencies": {
            "ms": {
              "version": "0.7.0",
              "from": "ms@0.7.0",
              "resolved": "https://registry.npmjs.org/ms/-/ms-0.7.0.tgz"
            }
          }
        },
        "reduce-component": {
          "version": "1.0.1",
          "from": "reduce-component@1.0.1",
          "resolved": "http://registry.npmjs.org/reduce-component/-/reduce-component-1.0.1.tgz"
        },
        "extend": {
          "version": "1.2.1",
          "from": "extend@1.2.1",
          "resolved": "https://registry.npmjs.org/extend/-/extend-1.2.1.tgz"
        },
        "form-data": {
          "version": "0.1.3",
          "from": "form-data@0.1.3",
          "resolved": "https://registry.npmjs.org/form-data/-/form-data-0.1.3.tgz",
          "dependencies": {
            "combined-stream": {
              "version": "0.0.7",
              "from": "combined-stream@>=0.0.4 <0.1.0",
              "resolved": "https://registry.npmjs.org/combined-stream/-/combined-stream-0.0.7.tgz",
              "dependencies": {
                "delayed-stream": {
                  "version": "0.0.5",
                  "from": "delayed-stream@0.0.5",
                  "resolved": "https://registry.npmjs.org/delayed-stream/-/delayed-stream-0.0.5.tgz"
                }
              }
            },
            "async": {
              "version": "0.9.0",
              "from": "async@>=0.9.0 <0.10.0",
              "resolved": "https://registry.npmjs.org/async/-/async-0.9.0.tgz"
            }
          }
        },
        "readable-stream": {
          "version": "1.0.27-1",
          "from": "readable-stream@1.0.27-1",
          "resolved": "http://registry.npmjs.org/readable-stream/-/readable-stream-1.0.27-1.tgz",
          "dependencies": {
            "core-util-is": {
              "version": "1.0.1",
              "from": "core-util-is@>=1.0.0 <1.1.0",
              "resolved": "https://registry.npmjs.org/core-util-is/-/core-util-is-1.0.1.tgz"
            },
            "isarray": {
              "version": "0.0.1",
              "from": "isarray@0.0.1",
              "resolved": "https://registry.npmjs.org/isarray/-/isarray-0.0.1.tgz"
            },
            "string_decoder": {
              "version": "0.10.31",
              "from": "string_decoder@>=0.10.0 <0.11.0",
              "resolved": "https://registry.npmjs.org/string_decoder/-/string_decoder-0.10.31.tgz"
            },
            "inherits": {
              "version": "2.0.1",
              "from": "inherits@>=2.0.1 <2.1.0",
              "resolved": "https://registry.npmjs.org/inherits/-/inherits-2.0.1.tgz"
            }
          }
        }
      }
    },
    "underscore": {
      "version": "1.8.2",
      "from": "underscore@1.8.2",
      "resolved": "https://registry.npmjs.org/underscore/-/underscore-1.8.2.tgz"
    },
    "underscore.string": {
      "version": "3.0.3",
      "from": "underscore.string@3.0.3",
      "resolved": "https://registry.npmjs.org/underscore.string/-/underscore.string-3.0.3.tgz"
    }
  }
}
