{
  "version": 4,
  "terraform_version": "1.2.4",
  "serial": 19,
  "lineage": "355f9f20-c734-4bf0-65b9-22d7629e1765",
  "outputs": {},
  "resources": [
    {
      "module": "module.airflow_mwaa_module",
      "mode": "managed",
      "type": "aws_mwaa_environment",
      "name": "vislet",
      "provider": "provider[\"registry.terraform.io/hashicorp/aws\"]",
      "instances": [
        {
          "status": "tainted",
          "schema_version": 0,
          "attributes": {
            "airflow_configuration_options": {
              "core.dags_are_paused_at_creation": "False",
              "core.default_task_retries": "10",
              "core.lazy_load_plugins": "False",
              "core.parallelism": "3",
              "webserver.navbar_color": "#f0fff0",
              "webserver.reload_on_plugin_change": "True"
            },
            "airflow_version": null,
            "arn": null,
            "created_at": null,
            "dag_s3_path": "dags/",
            "environment_class": "mw1.small",
            "execution_role_arn": "arn:aws:iam::722467611461:role/airflow-iam-policy-prod",
            "id": "Vislet-Airflow",
            "kms_key": null,
            "last_updated": null,
            "logging_configuration": [
              {
                "dag_processing_logs": [
                  {
                    "cloud_watch_log_group_arn": "",
                    "enabled": true,
                    "log_level": "WARNING"
                  }
                ],
                "scheduler_logs": [
                  {
                    "cloud_watch_log_group_arn": "",
                    "enabled": true,
                    "log_level": "WARNING"
                  }
                ],
                "task_logs": [
                  {
                    "cloud_watch_log_group_arn": "",
                    "enabled": true,
                    "log_level": "INFO"
                  }
                ],
                "webserver_logs": [
                  {
                    "cloud_watch_log_group_arn": "",
                    "enabled": true,
                    "log_level": "WARNING"
                  }
                ],
                "worker_logs": [
                  {
                    "cloud_watch_log_group_arn": "",
                    "enabled": true,
                    "log_level": "WARNING"
                  }
                ]
              }
            ],
            "max_workers": 10,
            "min_workers": 1,
            "name": "Vislet-Airflow",
            "network_configuration": [
              {
                "security_group_ids": [
                  "sg-0456cf7de48164f3a"
                ],
                "subnet_ids": [
                  "subnet-06aba32c0ca2807ee",
                  "subnet-0b261865a15c0529b"
                ]
              }
            ],
            "plugins_s3_object_version": "zYLRtQDOicMgZXZEHznKcC9y2eEPXVX5",
            "plugins_s3_path": "plugins.zip",
            "requirements_s3_object_version": "7ElX.c1n7fZCvT6ABuWsUkE5lW9wJhOY",
            "requirements_s3_path": "requirements.txt",
            "service_role_arn": null,
            "source_bucket_arn": "arn:aws:s3:::vislet-airflow-data-prod",
            "status": null,
            "tags": {
              "Name": "Vislet-Airflow"
            },
            "tags_all": {
              "Name": "Vislet-Airflow",
              "RegionName": "us-east-1",
              "environment": "production",
              "product": "security",
              "service": "airflow",
              "team": "vislet"
            },
            "webserver_access_mode": "PUBLIC_ONLY",
            "webserver_url": null,
            "weekly_maintenance_window_start": "SUN:17:30"
          },
          "sensitive_attributes": [],
          "private": "bnVsbA==",
          "dependencies": [
            "module.airflow_s3bucket_module.aws_s3_bucket.dags_s3bucket",
            "module.airflow_s3bucket_module.aws_s3_bucket_object.s3_bucket_objects",
            "module.airflow_s3bucket_module.aws_s3_bucket_public_access_block.dags_s3bucket_public_access",
            "module.airflow_s3bucket_module.data.archive_file.plugins_zip",
            "module.global_vars_module.data.aws_caller_identity.current",
            "module.iam_role_module.aws_iam_role.iam_role",
            "module.iam_role_module.aws_iam_role_policy.app_policy",
            "module.iam_role_module.aws_iam_role_policy_attachment.app_policy_attachment",
            "module.iam_role_module.data.aws_iam_policy_document.assume_role_policy",
            "module.security_groups_module.aws_security_group.security_group",
            "module.security_groups_module.data.aws_vpc.selected_vpc"
          ]
        }
      ]
    },
    {
      "module": "module.airflow_s3bucket_module",
      "mode": "data",
      "type": "archive_file",
      "name": "plugins_zip",
      "provider": "provider[\"registry.terraform.io/hashicorp/archive\"]",
      "instances": [
        {
          "schema_version": 0,
          "attributes": {
            "excludes": [
              "../files/plugins/plugins.zip"
            ],
            "id": "1894f9fe7e9729f147b938cbfdc78c252144fe24",
            "output_base64sha256": "fPb1RscEZilG1ShepizCUdu9IY2pGeE4uC+P78jWySQ=",
            "output_file_mode": "0666",
            "output_md5": "ced15bac1c6a964b87fc574744f6611d",
            "output_path": "../files/plugins.zip",
            "output_sha": "1894f9fe7e9729f147b938cbfdc78c252144fe24",
            "output_size": 189,
            "source": [],
            "source_content": null,
            "source_content_filename": null,
            "source_dir": "../files/plugins/",
            "source_file": null,
            "type": "zip"
          },
          "sensitive_attributes": []
        }
      ]
    },
    {
      "module": "module.airflow_s3bucket_module",
      "mode": "managed",
      "type": "aws_s3_bucket",
      "name": "dags_s3bucket",
      "provider": "provider[\"registry.terraform.io/hashicorp/aws\"]",
      "instances": [
        {
          "schema_version": 0,
          "attributes": {
            "acceleration_status": "",
            "acl": "private",
            "arn": "arn:aws:s3:::vislet-airflow-data-prod",
            "bucket": "vislet-airflow-data-prod",
            "bucket_domain_name": "vislet-airflow-data-prod.s3.amazonaws.com",
            "bucket_prefix": null,
            "bucket_regional_domain_name": "vislet-airflow-data-prod.s3.amazonaws.com",
            "cors_rule": [],
            "force_destroy": false,
            "grant": [],
            "hosted_zone_id": "Z3AQBSTGFYJSTF",
            "id": "vislet-airflow-data-prod",
            "lifecycle_rule": [
              {
                "abort_incomplete_multipart_upload_days": 0,
                "enabled": true,
                "expiration": [],
                "id": "tf-s3-lifecycle-20220704160627054900000001",
                "noncurrent_version_expiration": [
                  {
                    "days": 7
                  }
                ],
                "noncurrent_version_transition": [],
                "prefix": "",
                "tags": {},
                "transition": []
              }
            ],
            "logging": [],
            "object_lock_configuration": [],
            "object_lock_enabled": false,
            "policy": null,
            "region": "us-east-1",
            "replication_configuration": [],
            "request_payer": "BucketOwner",
            "server_side_encryption_configuration": [
              {
                "rule": [
                  {
                    "apply_server_side_encryption_by_default": [
                      {
                        "kms_master_key_id": "",
                        "sse_algorithm": "AES256"
                      }
                    ],
                    "bucket_key_enabled": false
                  }
                ]
              }
            ],
            "tags": {
              "Name": "vislet-airflow-data-prod"
            },
            "tags_all": {
              "Name": "vislet-airflow-data-prod",
              "RegionName": "us-east-1",
              "environment": "production",
              "product": "security",
              "service": "airflow",
              "team": "vislet"
            },
            "versioning": [
              {
                "enabled": true,
                "mfa_delete": false
              }
            ],
            "website": [],
            "website_domain": null,
            "website_endpoint": null
          },
          "sensitive_attributes": [],
          "private": "bnVsbA=="
        }
      ]
    },
    {
      "module": "module.airflow_s3bucket_module",
      "mode": "managed",
      "type": "aws_s3_bucket_object",
      "name": "s3_bucket_objects",
      "provider": "provider[\"registry.terraform.io/hashicorp/aws\"]",
      "instances": [
        {
          "index_key": ".DS_Store",
          "schema_version": 0,
          "attributes": {
            "acl": "private",
            "bucket": "vislet-airflow-data-prod",
            "bucket_key_enabled": false,
            "cache_control": "",
            "content": null,
            "content_base64": null,
            "content_disposition": "",
            "content_encoding": "",
            "content_language": "",
            "content_type": "binary/octet-stream",
            "etag": "b29a82d7b9923edacbdd9dbe171c82cb",
            "force_destroy": false,
            "id": ".DS_Store",
            "key": ".DS_Store",
            "kms_key_id": null,
            "metadata": {},
            "object_lock_legal_hold_status": "",
            "object_lock_mode": "",
            "object_lock_retain_until_date": "",
            "server_side_encryption": "AES256",
            "source": "../files/.DS_Store",
            "source_hash": "b29a82d7b9923edacbdd9dbe171c82cb",
            "storage_class": "STANDARD",
            "tags": {},
            "tags_all": {
              "RegionName": "us-east-1",
              "environment": "production",
              "product": "security",
              "service": "airflow",
              "team": "vislet"
            },
            "version_id": "8DvNUXWZnWAydteUeT_H7Hkp.MBeHMS5",
            "website_redirect": ""
          },
          "sensitive_attributes": [],
          "private": "bnVsbA==",
          "dependencies": [
            "module.airflow_s3bucket_module.aws_s3_bucket.dags_s3bucket"
          ]
        },
        {
          "index_key": "dags/remove_me.txt",
          "schema_version": 0,
          "attributes": {
            "acl": "private",
            "bucket": "vislet-airflow-data-prod",
            "bucket_key_enabled": false,
            "cache_control": "",
            "content": null,
            "content_base64": null,
            "content_disposition": "",
            "content_encoding": "",
            "content_language": "",
            "content_type": "binary/octet-stream",
            "etag": "8de95d5e37acaa0ac800206861df5b7a",
            "force_destroy": false,
            "id": "dags/remove_me.txt",
            "key": "dags/remove_me.txt",
            "kms_key_id": null,
            "metadata": {},
            "object_lock_legal_hold_status": "",
            "object_lock_mode": "",
            "object_lock_retain_until_date": "",
            "server_side_encryption": "AES256",
            "source": "../files/dags/remove_me.txt",
            "source_hash": "8de95d5e37acaa0ac800206861df5b7a",
            "storage_class": "STANDARD",
            "tags": {},
            "tags_all": {
              "RegionName": "us-east-1",
              "environment": "production",
              "product": "security",
              "service": "airflow",
              "team": "vislet"
            },
            "version_id": "HLSmkf163ZdtGokwIh76.cUFbCK_y9kI",
            "website_redirect": ""
          },
          "sensitive_attributes": [],
          "private": "bnVsbA==",
          "dependencies": [
            "module.airflow_s3bucket_module.aws_s3_bucket.dags_s3bucket"
          ]
        },
        {
          "index_key": "plugins.zip",
          "schema_version": 0,
          "attributes": {
            "acl": "private",
            "bucket": "vislet-airflow-data-prod",
            "bucket_key_enabled": false,
            "cache_control": "",
            "content": null,
            "content_base64": null,
            "content_disposition": "",
            "content_encoding": "",
            "content_language": "",
            "content_type": "binary/octet-stream",
            "etag": "ced15bac1c6a964b87fc574744f6611d",
            "force_destroy": false,
            "id": "plugins.zip",
            "key": "plugins.zip",
            "kms_key_id": null,
            "metadata": {},
            "object_lock_legal_hold_status": "",
            "object_lock_mode": "",
            "object_lock_retain_until_date": "",
            "server_side_encryption": "AES256",
            "source": "../files/plugins.zip",
            "source_hash": "ced15bac1c6a964b87fc574744f6611d",
            "storage_class": "STANDARD",
            "tags": {},
            "tags_all": {
              "RegionName": "us-east-1",
              "environment": "production",
              "product": "security",
              "service": "airflow",
              "team": "vislet"
            },
            "version_id": "zYLRtQDOicMgZXZEHznKcC9y2eEPXVX5",
            "website_redirect": ""
          },
          "sensitive_attributes": [],
          "private": "bnVsbA==",
          "dependencies": [
            "module.airflow_s3bucket_module.aws_s3_bucket.dags_s3bucket"
          ]
        },
        {
          "index_key": "plugins/remove_me.txt",
          "schema_version": 0,
          "attributes": {
            "acl": "private",
            "bucket": "vislet-airflow-data-prod",
            "bucket_key_enabled": false,
            "cache_control": "",
            "content": null,
            "content_base64": null,
            "content_disposition": "",
            "content_encoding": "",
            "content_language": "",
            "content_type": "binary/octet-stream",
            "etag": "acfb5d31f44ff69985e061c391853c58",
            "force_destroy": false,
            "id": "plugins/remove_me.txt",
            "key": "plugins/remove_me.txt",
            "kms_key_id": null,
            "metadata": {},
            "object_lock_legal_hold_status": "",
            "object_lock_mode": "",
            "object_lock_retain_until_date": "",
            "server_side_encryption": "AES256",
            "source": "../files/plugins/remove_me.txt",
            "source_hash": "acfb5d31f44ff69985e061c391853c58",
            "storage_class": "STANDARD",
            "tags": {},
            "tags_all": {
              "RegionName": "us-east-1",
              "environment": "production",
              "product": "security",
              "service": "airflow",
              "team": "vislet"
            },
            "version_id": "ECuT0i.V9fpwhoZwBgjEVe36hXnIyj.X",
            "website_redirect": ""
          },
          "sensitive_attributes": [],
          "private": "bnVsbA==",
          "dependencies": [
            "module.airflow_s3bucket_module.aws_s3_bucket.dags_s3bucket"
          ]
        },
        {
          "index_key": "requirements.txt",
          "schema_version": 0,
          "attributes": {
            "acl": "private",
            "bucket": "vislet-airflow-data-prod",
            "bucket_key_enabled": false,
            "cache_control": "",
            "content": null,
            "content_base64": null,
            "content_disposition": "",
            "content_encoding": "",
            "content_language": "",
            "content_type": "binary/octet-stream",
            "etag": "d41d8cd98f00b204e9800998ecf8427e",
            "force_destroy": false,
            "id": "requirements.txt",
            "key": "requirements.txt",
            "kms_key_id": null,
            "metadata": {},
            "object_lock_legal_hold_status": "",
            "object_lock_mode": "",
            "object_lock_retain_until_date": "",
            "server_side_encryption": "AES256",
            "source": "../files/requirements.txt",
            "source_hash": "d41d8cd98f00b204e9800998ecf8427e",
            "storage_class": "STANDARD",
            "tags": {},
            "tags_all": {
              "RegionName": "us-east-1",
              "environment": "production",
              "product": "security",
              "service": "airflow",
              "team": "vislet"
            },
            "version_id": "7ElX.c1n7fZCvT6ABuWsUkE5lW9wJhOY",
            "website_redirect": ""
          },
          "sensitive_attributes": [],
          "private": "bnVsbA==",
          "dependencies": [
            "module.airflow_s3bucket_module.aws_s3_bucket.dags_s3bucket"
          ]
        }
      ]
    },
    {
      "module": "module.airflow_s3bucket_module",
      "mode": "managed",
      "type": "aws_s3_bucket_public_access_block",
      "name": "dags_s3bucket_public_access",
      "provider": "provider[\"registry.terraform.io/hashicorp/aws\"]",
      "instances": [
        {
          "schema_version": 0,
          "attributes": {
            "block_public_acls": true,
            "block_public_policy": true,
            "bucket": "vislet-airflow-data-prod",
            "id": "vislet-airflow-data-prod",
            "ignore_public_acls": true,
            "restrict_public_buckets": true
          },
          "sensitive_attributes": [],
          "private": "bnVsbA==",
          "dependencies": [
            "module.airflow_s3bucket_module.aws_s3_bucket.dags_s3bucket"
          ]
        }
      ]
    },
    {
      "module": "module.global_vars_module",
      "mode": "data",
      "type": "aws_caller_identity",
      "name": "current",
      "provider": "provider[\"registry.terraform.io/hashicorp/aws\"]",
      "instances": [
        {
          "schema_version": 0,
          "attributes": {
            "account_id": "722467611461",
            "arn": "arn:aws:iam::722467611461:root",
            "id": "722467611461",
            "user_id": "722467611461"
          },
          "sensitive_attributes": []
        }
      ]
    },
    {
      "module": "module.iam_role_module",
      "mode": "data",
      "type": "aws_iam_policy_document",
      "name": "assume_role_policy",
      "provider": "provider[\"registry.terraform.io/hashicorp/aws\"]",
      "instances": [
        {
          "schema_version": 0,
          "attributes": {
            "id": "1111084215",
            "json": "{\n  \"Version\": \"2012-10-17\",\n  \"Statement\": [\n    {\n      \"Sid\": \"\",\n      \"Effect\": \"Allow\",\n      \"Action\": \"sts:AssumeRole\",\n      \"Principal\": {\n        \"Service\": [\n          \"airflow.amazonaws.com\",\n          \"airflow-env.amazonaws.com\"\n        ]\n      }\n    }\n  ]\n}",
            "override_json": null,
            "override_policy_documents": null,
            "policy_id": null,
            "source_json": null,
            "source_policy_documents": null,
            "statement": [
              {
                "actions": [
                  "sts:AssumeRole"
                ],
                "condition": [],
                "effect": "Allow",
                "not_actions": [],
                "not_principals": [],
                "not_resources": [],
                "principals": [
                  {
                    "identifiers": [
                      "airflow-env.amazonaws.com",
                      "airflow.amazonaws.com"
                    ],
                    "type": "Service"
                  }
                ],
                "resources": [],
                "sid": ""
              }
            ],
            "version": "2012-10-17"
          },
          "sensitive_attributes": []
        }
      ]
    },
    {
      "module": "module.iam_role_module",
      "mode": "managed",
      "type": "aws_iam_role",
      "name": "iam_role",
      "provider": "provider[\"registry.terraform.io/hashicorp/aws\"]",
      "instances": [
        {
          "index_key": 0,
          "schema_version": 0,
          "attributes": {
            "arn": "arn:aws:iam::722467611461:role/airflow-iam-policy-prod",
            "assume_role_policy": "{\"Version\":\"2012-10-17\",\"Statement\":[{\"Sid\":\"\",\"Effect\":\"Allow\",\"Principal\":{\"Service\":[\"airflow.amazonaws.com\",\"airflow-env.amazonaws.com\"]},\"Action\":\"sts:AssumeRole\"}]}",
            "create_date": "2022-07-04T16:06:25Z",
            "description": "Airflow execution role",
            "force_detach_policies": false,
            "id": "airflow-iam-policy-prod",
            "inline_policy": [
              {
                "name": "airflow-iam-policy-prod",
                "policy": "{\n    \"Version\": \"2012-10-17\",\n    \"Statement\": [\n        {\n            \"Effect\": \"Allow\",\n            \"Action\": \"airflow:PublishMetrics\",\n            \"Resource\": \"arn:aws:airflow:us-east-1:722467611461:environment/Vislet-Airflow\"\n        },\n        {\n            \"Effect\": \"Deny\",\n            \"Action\": \"s3:ListAllMyBuckets\",\n            \"Resource\": [\n                \"arn:aws:s3:::vislet-airflow-data-prod\",\n                \"arn:aws:s3:::vislet-airflow-data-prod/*\"\n            ]\n        },\n        {\n            \"Effect\": \"Allow\",\n            \"Action\": [\n                \"s3:GetObject*\",\n                \"s3:GetBucket*\",\n                \"s3:List*\"\n            ],\n            \"Resource\": [\n                \"arn:aws:s3:::vislet-airflow-data-prod\",\n                \"arn:aws:s3:::vislet-airflow-data-prod/*\"\n            ]\n        },\n        {\n            \"Effect\": \"Allow\",\n            \"Action\": [\n                \"s3:PutObject\",\n                \"s3:PutObjectAcl\"\n            ],\n            \"Resource\": [\n                               \"arn:aws:s3:::vislet-airflow-data-prod/*\"\n            ]\n        },\n        {\n            \"Effect\": \"Allow\",\n            \"Action\": [\n                \"logs:CreateLogStream\",\n                \"logs:CreateLogGroup\",\n                \"logs:PutLogEvents\",\n                \"logs:GetLogEvents\",\n                \"logs:GetLogRecord\",\n                \"logs:GetLogGroupFields\",\n                \"logs:GetQueryResults\"\n            ],\n            \"Resource\": [\n                \"arn:aws:logs:us-east-1:722467611461:log-group:airflow-Vislet-Airflow-*\"\n            ]\n        },\n        {\n            \"Effect\": \"Allow\",\n            \"Action\": [\n                \"logs:DescribeLogGroups\"\n            ],\n            \"Resource\": [\n                \"*\"\n            ]\n        },\n        {\n            \"Effect\": \"Allow\",\n            \"Action\": [\n               \"cloudwatch:PutMetricData\"\n            ],\n            \"Resource\": [\n                \"*\"\n            ]\n        },\n        {\n            \"Effect\": \"Allow\",\n            \"Action\": [\n                \"sqs:ChangeMessageVisibility\",\n                \"sqs:DeleteMessage\",\n                \"sqs:GetQueueAttributes\",\n                \"sqs:GetQueueUrl\",\n                \"sqs:ReceiveMessage\",\n                \"sqs:SendMessage\"\n            ],\n            \"Resource\": [\n                \"arn:aws:sqs:us-east-1:*:airflow-celery-*\"\n            ]\n        },\n        {\n            \"Effect\": \"Allow\",\n            \"Action\": [\n                \"ssm:getParameter\"\n            ],\n            \"Resource\": [\n                \"arn:aws:ssm:us-east-1:722467611461:parameter/vislet-airflow/*\"\n            ]\n        },\n        {\n            \"Effect\": \"Allow\",\n            \"Action\": [\n                \"kms:Decrypt\",\n                \"kms:DescribeKey\",\n                \"kms:GenerateDataKey*\",\n                \"kms:Encrypt\"\n            ],\n            \"NotResource\": \"arn:aws:kms:*:722467611461:key/*\",\n            \"Condition\": {\n                \"StringLike\": {\n                    \"kms:ViaService\": [\n                        \"sqs.us-east-1.amazonaws.com\"\n                    ]\n                }\n            }\n        }\n    ]\n}"
              }
            ],
            "managed_policy_arns": [],
            "max_session_duration": 3600,
            "name": "airflow-iam-policy-prod",
            "name_prefix": "",
            "path": "/",
            "permissions_boundary": null,
            "tags": {},
            "tags_all": {
              "RegionName": "us-east-1",
              "environment": "production",
              "product": "security",
              "service": "airflow",
              "team": "vislet"
            },
            "unique_id": "AROA2QNTM4NCTG44HBCN6"
          },
          "sensitive_attributes": [],
          "private": "bnVsbA==",
          "dependencies": [
            "module.iam_role_module.data.aws_iam_policy_document.assume_role_policy"
          ]
        }
      ]
    },
    {
      "module": "module.iam_role_module",
      "mode": "managed",
      "type": "aws_iam_role_policy",
      "name": "app_policy",
      "provider": "provider[\"registry.terraform.io/hashicorp/aws\"]",
      "instances": [
        {
          "index_key": 0,
          "schema_version": 0,
          "attributes": {
            "id": "airflow-iam-policy-prod:airflow-iam-policy-prod",
            "name": "airflow-iam-policy-prod",
            "name_prefix": null,
            "policy": "{\n    \"Version\": \"2012-10-17\",\n    \"Statement\": [\n        {\n            \"Effect\": \"Allow\",\n            \"Action\": \"airflow:PublishMetrics\",\n            \"Resource\": \"arn:aws:airflow:us-east-1:722467611461:environment/Vislet-Airflow\"\n        },\n        {\n            \"Effect\": \"Deny\",\n            \"Action\": \"s3:ListAllMyBuckets\",\n            \"Resource\": [\n                \"arn:aws:s3:::vislet-airflow-data-prod\",\n                \"arn:aws:s3:::vislet-airflow-data-prod/*\"\n            ]\n        },\n        {\n            \"Effect\": \"Allow\",\n            \"Action\": [\n                \"s3:GetObject*\",\n                \"s3:GetBucket*\",\n                \"s3:List*\"\n            ],\n            \"Resource\": [\n                \"arn:aws:s3:::vislet-airflow-data-prod\",\n                \"arn:aws:s3:::vislet-airflow-data-prod/*\"\n            ]\n        },\n        {\n            \"Effect\": \"Allow\",\n            \"Action\": [\n                \"s3:PutObject\",\n                \"s3:PutObjectAcl\"\n            ],\n            \"Resource\": [\n                               \"arn:aws:s3:::vislet-airflow-data-prod/*\"\n            ]\n        },\n        {\n            \"Effect\": \"Allow\",\n            \"Action\": [\n                \"logs:CreateLogStream\",\n                \"logs:CreateLogGroup\",\n                \"logs:PutLogEvents\",\n                \"logs:GetLogEvents\",\n                \"logs:GetLogRecord\",\n                \"logs:GetLogGroupFields\",\n                \"logs:GetQueryResults\"\n            ],\n            \"Resource\": [\n                \"arn:aws:logs:us-east-1:722467611461:log-group:airflow-Vislet-Airflow-*\"\n            ]\n        },\n        {\n            \"Effect\": \"Allow\",\n            \"Action\": [\n                \"logs:DescribeLogGroups\"\n            ],\n            \"Resource\": [\n                \"*\"\n            ]\n        },\n        {\n            \"Effect\": \"Allow\",\n            \"Action\": [\n               \"cloudwatch:PutMetricData\"\n            ],\n            \"Resource\": [\n                \"*\"\n            ]\n        },\n        {\n            \"Effect\": \"Allow\",\n            \"Action\": [\n                \"sqs:ChangeMessageVisibility\",\n                \"sqs:DeleteMessage\",\n                \"sqs:GetQueueAttributes\",\n                \"sqs:GetQueueUrl\",\n                \"sqs:ReceiveMessage\",\n                \"sqs:SendMessage\"\n            ],\n            \"Resource\": [\n                \"arn:aws:sqs:us-east-1:*:airflow-celery-*\"\n            ]\n        },\n        {\n            \"Effect\": \"Allow\",\n            \"Action\": [\n                \"ssm:getParameter\"\n            ],\n            \"Resource\": [\n                \"arn:aws:ssm:us-east-1:722467611461:parameter/vislet-airflow/*\"\n            ]\n        },\n        {\n            \"Effect\": \"Allow\",\n            \"Action\": [\n                \"kms:Decrypt\",\n                \"kms:DescribeKey\",\n                \"kms:GenerateDataKey*\",\n                \"kms:Encrypt\"\n            ],\n            \"NotResource\": \"arn:aws:kms:*:722467611461:key/*\",\n            \"Condition\": {\n                \"StringLike\": {\n                    \"kms:ViaService\": [\n                        \"sqs.us-east-1.amazonaws.com\"\n                    ]\n                }\n            }\n        }\n    ]\n}",
            "role": "airflow-iam-policy-prod"
          },
          "sensitive_attributes": [],
          "private": "bnVsbA==",
          "dependencies": [
            "module.global_vars_module.data.aws_caller_identity.current",
            "module.iam_role_module.aws_iam_role.iam_role",
            "module.iam_role_module.data.aws_iam_policy_document.assume_role_policy"
          ]
        }
      ]
    },
    {
      "module": "module.logstream_iam_role_module",
      "mode": "data",
      "type": "aws_iam_policy_document",
      "name": "assume_role_policy",
      "provider": "provider[\"registry.terraform.io/hashicorp/aws\"]",
      "instances": [
        {
          "schema_version": 0,
          "attributes": {
            "id": "2361001421",
            "json": "{\n  \"Version\": \"2012-10-17\",\n  \"Statement\": [\n    {\n      \"Sid\": \"\",\n      \"Effect\": \"Allow\",\n      \"Action\": \"sts:AssumeRole\",\n      \"Principal\": {\n        \"Service\": [\n          \"logs.amazonaws.com\",\n          \"delivery.logs.amazonaws.com\"\n        ]\n      }\n    }\n  ]\n}",
            "override_json": null,
            "override_policy_documents": null,
            "policy_id": null,
            "source_json": null,
            "source_policy_documents": null,
            "statement": [
              {
                "actions": [
                  "sts:AssumeRole"
                ],
                "condition": [],
                "effect": "Allow",
                "not_actions": [],
                "not_principals": [],
                "not_resources": [],
                "principals": [
                  {
                    "identifiers": [
                      "delivery.logs.amazonaws.com",
                      "logs.amazonaws.com"
                    ],
                    "type": "Service"
                  }
                ],
                "resources": [],
                "sid": ""
              }
            ],
            "version": "2012-10-17"
          },
          "sensitive_attributes": []
        }
      ]
    },
    {
      "module": "module.security_groups_module",
      "mode": "data",
      "type": "aws_vpc",
      "name": "selected_vpc",
      "provider": "provider[\"registry.terraform.io/hashicorp/aws\"]",
      "instances": [
        {
          "schema_version": 0,
          "attributes": {
            "arn": "arn:aws:ec2:us-east-1:722467611461:vpc/vpc-024b2302c06e7e126",
            "cidr_block": "10.0.0.0/24",
            "cidr_block_associations": [
              {
                "association_id": "vpc-cidr-assoc-0e0c97d15028242c6",
                "cidr_block": "10.0.0.0/24",
                "state": "associated"
              }
            ],
            "default": false,
            "dhcp_options_id": "dopt-0f4ca5c79fd34b780",
            "enable_dns_hostnames": false,
            "enable_dns_support": true,
            "filter": [
              {
                "name": "tag:Name",
                "values": [
                  "vislet-vpc"
                ]
              }
            ],
            "id": "vpc-024b2302c06e7e126",
            "instance_tenancy": "default",
            "ipv6_association_id": "",
            "ipv6_cidr_block": "",
            "main_route_table_id": "rtb-004db779b51cee724",
            "owner_id": "722467611461",
            "state": null,
            "tags": {
              "Name": "vislet-vpc"
            }
          },
          "sensitive_attributes": []
        }
      ]
    },
    {
      "module": "module.security_groups_module",
      "mode": "managed",
      "type": "aws_security_group",
      "name": "security_group",
      "provider": "provider[\"registry.terraform.io/hashicorp/aws\"]",
      "instances": [
        {
          "schema_version": 1,
          "attributes": {
            "arn": "arn:aws:ec2:us-east-1:722467611461:security-group/sg-0456cf7de48164f3a",
            "description": "Security Group for Amazon MWAA Environment",
            "egress": [
              {
                "cidr_blocks": [
                  "0.0.0.0/0"
                ],
                "description": "",
                "from_port": 0,
                "ipv6_cidr_blocks": [],
                "prefix_list_ids": [],
                "protocol": "-1",
                "security_groups": [],
                "self": false,
                "to_port": 0
              }
            ],
            "id": "sg-0456cf7de48164f3a",
            "ingress": [
              {
                "cidr_blocks": [],
                "description": "",
                "from_port": 0,
                "ipv6_cidr_blocks": [],
                "prefix_list_ids": [],
                "protocol": "-1",
                "security_groups": [],
                "self": true,
                "to_port": 0
              }
            ],
            "name": "airflow-security-group-prod",
            "name_prefix": "",
            "owner_id": "722467611461",
            "revoke_rules_on_delete": false,
            "tags": {
              "Name": "airflow-security-group-prod"
            },
            "tags_all": {
              "Name": "airflow-security-group-prod",
              "RegionName": "us-east-1",
              "environment": "production",
              "product": "security",
              "service": "airflow",
              "team": "vislet"
            },
            "timeouts": null,
            "vpc_id": "vpc-024b2302c06e7e126"
          },
          "sensitive_attributes": [],
          "private": "eyJlMmJmYjczMC1lY2FhLTExZTYtOGY4OC0zNDM2M2JjN2M0YzAiOnsiY3JlYXRlIjo2MDAwMDAwMDAwMDAsImRlbGV0ZSI6OTAwMDAwMDAwMDAwfSwic2NoZW1hX3ZlcnNpb24iOiIxIn0=",
          "dependencies": [
            "module.security_groups_module.data.aws_vpc.selected_vpc"
          ]
        }
      ]
    }
  ]
}
